Microsoft Visual Studio Solution File, Format Version 11.00
# Visual Studio 2008

Project("{BC7150E2-9A3D-90DB-E393-C3D5ECD10399}") = "num1", "Assembly-CSharp.csproj", "{C895AC69-C170-DD8F-20AD-C1B6BC1B5CAC}"
EndProject
Global
	GlobalSection(SolutionConfigurationPlatforms) = preSolution
		Debug|Any CPU = Debug|Any CPU
		Release|Any CPU = Release|Any CPU
	EndGlobalSection
	GlobalSection(ProjectConfigurationPlatforms) = postSolution
		{C895AC69-C170-DD8F-20AD-C1B6BC1B5CAC}.Debug|Any CPU.ActiveCfg = Debug|Any CPU
		{C895AC69-C170-DD8F-20AD-C1B6BC1B5CAC}.Debug|Any CPU.Build.0 = Debug|Any CPU
		{C895AC69-C170-DD8F-20AD-C1B6BC1B5CAC}.Release|Any CPU.ActiveCfg = Release|Any CPU
		{C895AC69-C170-DD8F-20AD-C1B6BC1B5CAC}.Release|Any CPU.Build.0 = Release|Any CPU
	EndGlobalSection
	GlobalSection(SolutionProperties) = preSolution
		HideSolutionNode = FALSE
	EndGlobalSection
	GlobalSection(MonoDevelopProperties) = preSolution
		StartupItem = Assembly-CSharp.csproj
	EndGlobalSection
EndGlobal
