Microsoft Visual Studio Solution File, Format Version 11.00
# Visual Studio 2008

Project("{168909C0-B6F1-DFBD-48F6-79D47059C1D6}") = "Third", "Assembly-CSharp.csproj", "{C1245E42-5ABA-E669-4C2A-1EC1124A5084}"
EndProject
Project("{168909C0-B6F1-DFBD-48F6-79D47059C1D6}") = "Third", "Assembly-CSharp-Editor.csproj", "{BD6D5EA0-601A-9A67-5641-D323F8FCE74F}"
EndProject
Global
	GlobalSection(SolutionConfigurationPlatforms) = preSolution
		Debug|Any CPU = Debug|Any CPU
		Release|Any CPU = Release|Any CPU
	EndGlobalSection
	GlobalSection(ProjectConfigurationPlatforms) = postSolution
		{C1245E42-5ABA-E669-4C2A-1EC1124A5084}.Debug|Any CPU.ActiveCfg = Debug|Any CPU
		{C1245E42-5ABA-E669-4C2A-1EC1124A5084}.Debug|Any CPU.Build.0 = Debug|Any CPU
		{C1245E42-5ABA-E669-4C2A-1EC1124A5084}.Release|Any CPU.ActiveCfg = Release|Any CPU
		{C1245E42-5ABA-E669-4C2A-1EC1124A5084}.Release|Any CPU.Build.0 = Release|Any CPU
		{BD6D5EA0-601A-9A67-5641-D323F8FCE74F}.Debug|Any CPU.ActiveCfg = Debug|Any CPU
		{BD6D5EA0-601A-9A67-5641-D323F8FCE74F}.Debug|Any CPU.Build.0 = Debug|Any CPU
		{BD6D5EA0-601A-9A67-5641-D323F8FCE74F}.Release|Any CPU.ActiveCfg = Release|Any CPU
		{BD6D5EA0-601A-9A67-5641-D323F8FCE74F}.Release|Any CPU.Build.0 = Release|Any CPU
	EndGlobalSection
	GlobalSection(SolutionProperties) = preSolution
		HideSolutionNode = FALSE
	EndGlobalSection
	GlobalSection(MonoDevelopProperties) = preSolution
		StartupItem = Assembly-CSharp.csproj
	EndGlobalSection
EndGlobal
